
Microsoft Visual Studio Solution File, Format Version 12.00
# Visual Studio 15
VisualStudioVersion = 15.0.27703.2042
MinimumVisualStudioVersion = 10.0.40219.1
Project("{8BC9CEB8-8B4A-11D0-8D11-00A0C91BC942}") = "Project1", "Project1\Project1.vcxproj", "{45D9E96D-DC73-41DA-9E28-9ACC5D58DC08}"
EndProject
Global
	GlobalSection(SolutionConfigurationPlatforms) = preSolution
		Debug|x64 = Debug|x64
		Debug|x86 = Debug|x86
		Release|x64 = Release|x64
		Release|x86 = Release|x86
	EndGlobalSection
	GlobalSection(ProjectConfigurationPlatforms) = postSolution
		{45D9E96D-DC73-41DA-9E28-9ACC5D58DC08}.Debug|x64.ActiveCfg = Debug|x64
		{45D9E96D-DC73-41DA-9E28-9ACC5D58DC08}.Debug|x64.Build.0 = Debug|x64
		{45D9E96D-DC73-41DA-9E28-9ACC5D58DC08}.Debug|x86.ActiveCfg = Debug|Win32
		{45D9E96D-DC73-41DA-9E28-9ACC5D58DC08}.Debug|x86.Build.0 = Debug|Win32
		{45D9E96D-DC73-41DA-9E28-9ACC5D58DC08}.Release|x64.ActiveCfg = Release|x64
		{45D9E96D-DC73-41DA-9E28-9ACC5D58DC08}.Release|x64.Build.0 = Release|x64
		{45D9E96D-DC73-41DA-9E28-9ACC5D58DC08}.Release|x86.ActiveCfg = Release|Win32
		{45D9E96D-DC73-41DA-9E28-9ACC5D58DC08}.Release|x86.Build.0 = Release|Win32
	EndGlobalSection
	GlobalSection(SolutionProperties) = preSolution
		HideSolutionNode = FALSE
	EndGlobalSection
	GlobalSection(ExtensibilityGlobals) = postSolution
		SolutionGuid = {FF80D922-61C6-4D84-BC80-596B2A80C478}
	EndGlobalSection
EndGlobal
